
Microsoft Visual Studio Solution File, Format Version 12.00
# Visual Studio Version 17
VisualStudioVersion = 17.14.37203.1 d17.14
MinimumVisualStudioVersion = 10.0.40219.1
Project("{FAE04EC0-301F-11D3-BF4B-00C04F79EFBC}") = "Snake&LaddersGame", "Snake&LaddersGame.csproj", "{A408CF17-82EC-4B73-98F0-76A88786961A}"
EndProject
Global
	GlobalSection(SolutionConfigurationPlatforms) = preSolution
		Debug|Any CPU = Debug|Any CPU
		Release|Any CPU = Release|Any CPU
	EndGlobalSection
	GlobalSection(ProjectConfigurationPlatforms) = postSolution
		{A408CF17-82EC-4B73-98F0-76A88786961A}.Debug|Any CPU.ActiveCfg = Debug|Any CPU
		{A408CF17-82EC-4B73-98F0-76A88786961A}.Debug|Any CPU.Build.0 = Debug|Any CPU
		{A408CF17-82EC-4B73-98F0-76A88786961A}.Release|Any CPU.ActiveCfg = Release|Any CPU
		{A408CF17-82EC-4B73-98F0-76A88786961A}.Release|Any CPU.Build.0 = Release|Any CPU
	EndGlobalSection
	GlobalSection(SolutionProperties) = preSolution
		HideSolutionNode = FALSE
	EndGlobalSection
	GlobalSection(ExtensibilityGlobals) = postSolution
		SolutionGuid = {565DD41A-4811-4706-8AD9-5EE7C023256D}
	EndGlobalSection
EndGlobal
