
Microsoft Visual Studio Solution File, Format Version 12.00
# Visual Studio Version 17
VisualStudioVersion = 17.14.37203.1 d17.14
MinimumVisualStudioVersion = 10.0.40219.1
Project("{FAE04EC0-301F-11D3-BF4B-00C04F79EFBC}") = "LearnDelegates", "LearnDelegates.csproj", "{AF31BC57-F574-49C9-B432-D2A6A350B785}"
EndProject
Global
	GlobalSection(SolutionConfigurationPlatforms) = preSolution
		Debug|Any CPU = Debug|Any CPU
		Release|Any CPU = Release|Any CPU
	EndGlobalSection
	GlobalSection(ProjectConfigurationPlatforms) = postSolution
		{AF31BC57-F574-49C9-B432-D2A6A350B785}.Debug|Any CPU.ActiveCfg = Debug|Any CPU
		{AF31BC57-F574-49C9-B432-D2A6A350B785}.Debug|Any CPU.Build.0 = Debug|Any CPU
		{AF31BC57-F574-49C9-B432-D2A6A350B785}.Release|Any CPU.ActiveCfg = Release|Any CPU
		{AF31BC57-F574-49C9-B432-D2A6A350B785}.Release|Any CPU.Build.0 = Release|Any CPU
	EndGlobalSection
	GlobalSection(SolutionProperties) = preSolution
		HideSolutionNode = FALSE
	EndGlobalSection
	GlobalSection(ExtensibilityGlobals) = postSolution
		SolutionGuid = {79F2E492-B484-405C-A4B5-E8C508539848}
	EndGlobalSection
EndGlobal
