
Microsoft Visual Studio Solution File, Format Version 12.00
# Visual Studio Version 17
VisualStudioVersion = 17.14.37203.1 d17.14
MinimumVisualStudioVersion = 10.0.40219.1
Project("{FAE04EC0-301F-11D3-BF4B-00C04F79EFBC}") = "Question3", "Question3.csproj", "{ED2FDC6C-B5C2-4115-8E57-4886A07E6476}"
EndProject
Global
	GlobalSection(SolutionConfigurationPlatforms) = preSolution
		Debug|Any CPU = Debug|Any CPU
		Release|Any CPU = Release|Any CPU
	EndGlobalSection
	GlobalSection(ProjectConfigurationPlatforms) = postSolution
		{ED2FDC6C-B5C2-4115-8E57-4886A07E6476}.Debug|Any CPU.ActiveCfg = Debug|Any CPU
		{ED2FDC6C-B5C2-4115-8E57-4886A07E6476}.Debug|Any CPU.Build.0 = Debug|Any CPU
		{ED2FDC6C-B5C2-4115-8E57-4886A07E6476}.Release|Any CPU.ActiveCfg = Release|Any CPU
		{ED2FDC6C-B5C2-4115-8E57-4886A07E6476}.Release|Any CPU.Build.0 = Release|Any CPU
	EndGlobalSection
	GlobalSection(SolutionProperties) = preSolution
		HideSolutionNode = FALSE
	EndGlobalSection
	GlobalSection(ExtensibilityGlobals) = postSolution
		SolutionGuid = {B860246B-DEE0-4476-BE63-5D2FCA1D10BE}
	EndGlobalSection
EndGlobal
