
Microsoft Visual Studio Solution File, Format Version 12.00
# Visual Studio Version 17
VisualStudioVersion = 17.14.37203.1 d17.14
MinimumVisualStudioVersion = 10.0.40219.1
Project("{FAE04EC0-301F-11D3-BF4B-00C04F79EFBC}") = "Question12", "Question12.csproj", "{C6052155-5ED9-458B-A99A-B03F7F3E3FEA}"
EndProject
Global
	GlobalSection(SolutionConfigurationPlatforms) = preSolution
		Debug|Any CPU = Debug|Any CPU
		Release|Any CPU = Release|Any CPU
	EndGlobalSection
	GlobalSection(ProjectConfigurationPlatforms) = postSolution
		{C6052155-5ED9-458B-A99A-B03F7F3E3FEA}.Debug|Any CPU.ActiveCfg = Debug|Any CPU
		{C6052155-5ED9-458B-A99A-B03F7F3E3FEA}.Debug|Any CPU.Build.0 = Debug|Any CPU
		{C6052155-5ED9-458B-A99A-B03F7F3E3FEA}.Release|Any CPU.ActiveCfg = Release|Any CPU
		{C6052155-5ED9-458B-A99A-B03F7F3E3FEA}.Release|Any CPU.Build.0 = Release|Any CPU
	EndGlobalSection
	GlobalSection(SolutionProperties) = preSolution
		HideSolutionNode = FALSE
	EndGlobalSection
	GlobalSection(ExtensibilityGlobals) = postSolution
		SolutionGuid = {5884C4BF-E159-49AD-AB87-38EAA785D68A}
	EndGlobalSection
EndGlobal
