
Microsoft Visual Studio Solution File, Format Version 12.00
# Visual Studio Version 17
VisualStudioVersion = 17.14.37203.1 d17.14
MinimumVisualStudioVersion = 10.0.40219.1
Project("{FAE04EC0-301F-11D3-BF4B-00C04F79EFBC}") = "GenericLearning", "GenericLearning.csproj", "{D4B2683D-5A3E-457A-8351-66339335247F}"
EndProject
Global
	GlobalSection(SolutionConfigurationPlatforms) = preSolution
		Debug|Any CPU = Debug|Any CPU
		Release|Any CPU = Release|Any CPU
	EndGlobalSection
	GlobalSection(ProjectConfigurationPlatforms) = postSolution
		{D4B2683D-5A3E-457A-8351-66339335247F}.Debug|Any CPU.ActiveCfg = Debug|Any CPU
		{D4B2683D-5A3E-457A-8351-66339335247F}.Debug|Any CPU.Build.0 = Debug|Any CPU
		{D4B2683D-5A3E-457A-8351-66339335247F}.Release|Any CPU.ActiveCfg = Release|Any CPU
		{D4B2683D-5A3E-457A-8351-66339335247F}.Release|Any CPU.Build.0 = Release|Any CPU
	EndGlobalSection
	GlobalSection(SolutionProperties) = preSolution
		HideSolutionNode = FALSE
	EndGlobalSection
	GlobalSection(ExtensibilityGlobals) = postSolution
		SolutionGuid = {83136249-5DB3-400A-98AE-97FA35F61BE8}
	EndGlobalSection
EndGlobal
