
Microsoft Visual Studio Solution File, Format Version 12.00
# Visual Studio Version 17
VisualStudioVersion = 17.14.37203.1 d17.14
MinimumVisualStudioVersion = 10.0.40219.1
Project("{FAE04EC0-301F-11D3-BF4B-00C04F79EFBC}") = "learningEvents", "learningEvents.csproj", "{81E86443-0A0E-4111-AD04-0E900E66038E}"
EndProject
Global
	GlobalSection(SolutionConfigurationPlatforms) = preSolution
		Debug|Any CPU = Debug|Any CPU
		Release|Any CPU = Release|Any CPU
	EndGlobalSection
	GlobalSection(ProjectConfigurationPlatforms) = postSolution
		{81E86443-0A0E-4111-AD04-0E900E66038E}.Debug|Any CPU.ActiveCfg = Debug|Any CPU
		{81E86443-0A0E-4111-AD04-0E900E66038E}.Debug|Any CPU.Build.0 = Debug|Any CPU
		{81E86443-0A0E-4111-AD04-0E900E66038E}.Release|Any CPU.ActiveCfg = Release|Any CPU
		{81E86443-0A0E-4111-AD04-0E900E66038E}.Release|Any CPU.Build.0 = Release|Any CPU
	EndGlobalSection
	GlobalSection(SolutionProperties) = preSolution
		HideSolutionNode = FALSE
	EndGlobalSection
	GlobalSection(ExtensibilityGlobals) = postSolution
		SolutionGuid = {DB3B83EC-AA65-4971-8616-200FBA14C60E}
	EndGlobalSection
EndGlobal
